
Microsoft Visual Studio Solution File, Format Version 12.00
# Visual Studio Version 17
VisualStudioVersion = 17.9.34728.123
MinimumVisualStudioVersion = 10.0.40219.1
Project("{FAE04EC0-301F-11D3-BF4B-00C04F79EFBC}") = "WebSiteTest", "D:\WebSiteTest\WebSiteTest\WebSiteTest.csproj", "{38460D7E-595E-4922-8B4B-F7B87D6AB603}"
EndProject
Global
	GlobalSection(SolutionConfigurationPlatforms) = preSolution
		Debug|Any CPU = Debug|Any CPU
		Release|Any CPU = Release|Any CPU
	EndGlobalSection
	GlobalSection(ProjectConfigurationPlatforms) = postSolution
		{38460D7E-595E-4922-8B4B-F7B87D6AB603}.Debug|Any CPU.ActiveCfg = Debug|Any CPU
		{38460D7E-595E-4922-8B4B-F7B87D6AB603}.Debug|Any CPU.Build.0 = Debug|Any CPU
		{38460D7E-595E-4922-8B4B-F7B87D6AB603}.Release|Any CPU.ActiveCfg = Release|Any CPU
		{38460D7E-595E-4922-8B4B-F7B87D6AB603}.Release|Any CPU.Build.0 = Release|Any CPU
	EndGlobalSection
	GlobalSection(SolutionProperties) = preSolution
		HideSolutionNode = FALSE
	EndGlobalSection
	GlobalSection(ExtensibilityGlobals) = postSolution
		SolutionGuid = {BFC06FBD-D8D3-4128-A28D-3298637B5CFA}
	EndGlobalSection
EndGlobal
